// !$*UTF8*$!
{
	archiveVersion = 1;
	classes = {
	};
	objectVersion = 46;
	objects = {

/* Begin PBXBuildFile section */
		CF255FB01CD762B60092927C /* Realm.framework in Frameworks */ = {isa = PBXBuildFile; fileRef = CF255FAF1CD762B60092927C /* Realm.framework */; };
		CF255FB41CD77B420092927C /* UserInfo.swift in Sources */ = {isa = PBXBuildFile; fileRef = CF255FB31CD77B420092927C /* UserInfo.swift */; };
		CF2587251CD108F60084AF7A /* Alamofire.framework in Frameworks */ = {isa = PBXBuildFile; fileRef = CF2587241CD108F60084AF7A /* Alamofire.framework */; };
		CF2587271CD109130084AF7A /* RxCocoa.framework in Frameworks */ = {isa = PBXBuildFile; fileRef = CF2587261CD109130084AF7A /* RxCocoa.framework */; };
		CF2587291CD109190084AF7A /* RxSwift.framework in Frameworks */ = {isa = PBXBuildFile; fileRef = CF2587281CD109190084AF7A /* RxSwift.framework */; };
		CF25872B1CD109220084AF7A /* SwiftyJSON.framework in Frameworks */ = {isa = PBXBuildFile; fileRef = CF25872A1CD109220084AF7A /* SwiftyJSON.framework */; };
		CF36F7EA1CDEC3F400E0EE4A /* RealmSwift.framework in Frameworks */ = {isa = PBXBuildFile; fileRef = CF255FB11CD762BD0092927C /* RealmSwift.framework */; };
		CF5104081CE01D09004359A8 /* ProfileViewController.swift in Sources */ = {isa = PBXBuildFile; fileRef = CF5104061CE01D09004359A8 /* ProfileViewController.swift */; };
		CF5104091CE01D09004359A8 /* ProfileViewController.xib in Resources */ = {isa = PBXBuildFile; fileRef = CF5104071CE01D09004359A8 /* ProfileViewController.xib */; };
		CF51040C1CE06C8D004359A8 /* WebViewController.swift in Sources */ = {isa = PBXBuildFile; fileRef = CF51040A1CE06C8D004359A8 /* WebViewController.swift */; };
		CF51040D1CE06C8D004359A8 /* WebViewController.xib in Resources */ = {isa = PBXBuildFile; fileRef = CF51040B1CE06C8D004359A8 /* WebViewController.xib */; };
		CF583B3A1CD0FD9B00913453 /* AppDelegate.swift in Sources */ = {isa = PBXBuildFile; fileRef = CF583B391CD0FD9B00913453 /* AppDelegate.swift */; };
		CF583B3C1CD0FD9B00913453 /* LoginViewController.swift in Sources */ = {isa = PBXBuildFile; fileRef = CF583B3B1CD0FD9B00913453 /* LoginViewController.swift */; };
		CF583B3F1CD0FD9B00913453 /* Main.storyboard in Resources */ = {isa = PBXBuildFile; fileRef = CF583B3D1CD0FD9B00913453 /* Main.storyboard */; };
		CF583B411CD0FD9B00913453 /* Assets.xcassets in Resources */ = {isa = PBXBuildFile; fileRef = CF583B401CD0FD9B00913453 /* Assets.xcassets */; };
		CF583B441CD0FD9B00913453 /* LaunchScreen.storyboard in Resources */ = {isa = PBXBuildFile; fileRef = CF583B421CD0FD9B00913453 /* LaunchScreen.storyboard */; };
		CF731B3A1CDEC51B00702F0A /* RealmSwift.framework in Embed Frameworks */ = {isa = PBXBuildFile; fileRef = CF255FB11CD762BD0092927C /* RealmSwift.framework */; settings = {ATTRIBUTES = (CodeSignOnCopy, RemoveHeadersOnCopy, ); }; };
		CF731B3D1CDEC52000702F0A /* Realm.framework in Embed Frameworks */ = {isa = PBXBuildFile; fileRef = CF255FAF1CD762B60092927C /* Realm.framework */; settings = {ATTRIBUTES = (CodeSignOnCopy, RemoveHeadersOnCopy, ); }; };
		CF9DC77A1CD3B94A001D8051 /* SSKeychain.framework in Frameworks */ = {isa = PBXBuildFile; fileRef = CF9DC7791CD3B94A001D8051 /* SSKeychain.framework */; };
		CFB0BD4C1CE0AB5B00897E5E /* SettingsView.swift in Sources */ = {isa = PBXBuildFile; fileRef = CFB0BD4B1CE0AB5B00897E5E /* SettingsView.swift */; };
		CFB0BD4E1CE0AB6C00897E5E /* SettingsView.xib in Resources */ = {isa = PBXBuildFile; fileRef = CFB0BD4D1CE0AB6C00897E5E /* SettingsView.xib */; };
		CFD32E9D1CDDC23C0084AE30 /* AlamofireImage.framework in Frameworks */ = {isa = PBXBuildFile; fileRef = CFD32E9C1CDDC23C0084AE30 /* AlamofireImage.framework */; };
/* End PBXBuildFile section */

/* Begin PBXCopyFilesBuildPhase section */
		CF731B3B1CDEC51B00702F0A /* Embed Frameworks */ = {
			isa = PBXCopyFilesBuildPhase;
			buildActionMask = 2147483647;
			dstPath = "";
			dstSubfolderSpec = 10;
			files = (
				CF731B3D1CDEC52000702F0A /* Realm.framework in Embed Frameworks */,
				CF731B3A1CDEC51B00702F0A /* RealmSwift.framework in Embed Frameworks */,
			);
			name = "Embed Frameworks";
			runOnlyForDeploymentPostprocessing = 0;
		};
/* End PBXCopyFilesBuildPhase section */

/* Begin PBXFileReference section */
		CF255FAF1CD762B60092927C /* Realm.framework */ = {isa = PBXFileReference; lastKnownFileType = wrapper.framework; name = Realm.framework; path = Carthage/Build/iOS/Realm.framework; sourceTree = "<group>"; };
		CF255FB11CD762BD0092927C /* RealmSwift.framework */ = {isa = PBXFileReference; lastKnownFileType = wrapper.framework; name = RealmSwift.framework; path = Carthage/Build/iOS/RealmSwift.framework; sourceTree = "<group>"; };
		CF255FB31CD77B420092927C /* UserInfo.swift */ = {isa = PBXFileReference; fileEncoding = 4; lastKnownFileType = sourcecode.swift; path = UserInfo.swift; sourceTree = "<group>"; };
		CF2587241CD108F60084AF7A /* Alamofire.framework */ = {isa = PBXFileReference; lastKnownFileType = wrapper.framework; name = Alamofire.framework; path = Carthage/Build/iOS/Alamofire.framework; sourceTree = "<group>"; };
		CF2587261CD109130084AF7A /* RxCocoa.framework */ = {isa = PBXFileReference; lastKnownFileType = wrapper.framework; name = RxCocoa.framework; path = Carthage/Build/iOS/RxCocoa.framework; sourceTree = "<group>"; };
		CF2587281CD109190084AF7A /* RxSwift.framework */ = {isa = PBXFileReference; lastKnownFileType = wrapper.framework; name = RxSwift.framework; path = Carthage/Build/iOS/RxSwift.framework; sourceTree = "<group>"; };
		CF25872A1CD109220084AF7A /* SwiftyJSON.framework */ = {isa = PBXFileReference; lastKnownFileType = wrapper.framework; name = SwiftyJSON.framework; path = Carthage/Build/iOS/SwiftyJSON.framework; sourceTree = "<group>"; };
		CF5104061CE01D09004359A8 /* ProfileViewController.swift */ = {isa = PBXFileReference; fileEncoding = 4; lastKnownFileType = sourcecode.swift; path = ProfileViewController.swift; sourceTree = "<group>"; };
		CF5104071CE01D09004359A8 /* ProfileViewController.xib */ = {isa = PBXFileReference; fileEncoding = 4; lastKnownFileType = file.xib; path = ProfileViewController.xib; sourceTree = "<group>"; };
		CF51040A1CE06C8D004359A8 /* WebViewController.swift */ = {isa = PBXFileReference; fileEncoding = 4; lastKnownFileType = sourcecode.swift; path = WebViewController.swift; sourceTree = "<group>"; };
		CF51040B1CE06C8D004359A8 /* WebViewController.xib */ = {isa = PBXFileReference; fileEncoding = 4; lastKnownFileType = file.xib; path = WebViewController.xib; sourceTree = "<group>"; };
		CF583B361CD0FD9B00913453 /* Qubad.app */ = {isa = PBXFileReference; explicitFileType = wrapper.application; includeInIndex = 0; path = Qubad.app; sourceTree = BUILT_PRODUCTS_DIR; };
		CF583B391CD0FD9B00913453 /* AppDelegate.swift */ = {isa = PBXFileReference; lastKnownFileType = sourcecode.swift; path = AppDelegate.swift; sourceTree = "<group>"; };
		CF583B3B1CD0FD9B00913453 /* LoginViewController.swift */ = {isa = PBXFileReference; lastKnownFileType = sourcecode.swift; path = LoginViewController.swift; sourceTree = "<group>"; };
		CF583B3E1CD0FD9B00913453 /* Base */ = {isa = PBXFileReference; lastKnownFileType = file.storyboard; name = Base; path = Base.lproj/Main.storyboard; sourceTree = "<group>"; };
		CF583B401CD0FD9B00913453 /* Assets.xcassets */ = {isa = PBXFileReference; lastKnownFileType = folder.assetcatalog; path = Assets.xcassets; sourceTree = "<group>"; };
		CF583B431CD0FD9B00913453 /* Base */ = {isa = PBXFileReference; lastKnownFileType = file.storyboard; name = Base; path = Base.lproj/LaunchScreen.storyboard; sourceTree = "<group>"; };
		CF583B451CD0FD9B00913453 /* Info.plist */ = {isa = PBXFileReference; lastKnownFileType = text.plist.xml; path = Info.plist; sourceTree = "<group>"; };
		CF9DC7791CD3B94A001D8051 /* SSKeychain.framework */ = {isa = PBXFileReference; lastKnownFileType = wrapper.framework; name = SSKeychain.framework; path = Carthage/Build/iOS/SSKeychain.framework; sourceTree = "<group>"; };
		CFB0BD4B1CE0AB5B00897E5E /* SettingsView.swift */ = {isa = PBXFileReference; fileEncoding = 4; lastKnownFileType = sourcecode.swift; path = SettingsView.swift; sourceTree = "<group>"; };
		CFB0BD4D1CE0AB6C00897E5E /* SettingsView.xib */ = {isa = PBXFileReference; fileEncoding = 4; lastKnownFileType = file.xib; path = SettingsView.xib; sourceTree = "<group>"; };
		CFD32E9C1CDDC23C0084AE30 /* AlamofireImage.framework */ = {isa = PBXFileReference; lastKnownFileType = wrapper.framework; name = AlamofireImage.framework; path = Carthage/Build/iOS/AlamofireImage.framework; sourceTree = "<group>"; };
/* End PBXFileReference section */

/* Begin PBXFrameworksBuildPhase section */
		CF583B331CD0FD9B00913453 /* Frameworks */ = {
			isa = PBXFrameworksBuildPhase;
			buildActionMask = 2147483647;
			files = (
				CF255FB01CD762B60092927C /* Realm.framework in Frameworks */,
				CF25872B1CD109220084AF7A /* SwiftyJSON.framework in Frameworks */,
				CF36F7EA1CDEC3F400E0EE4A /* RealmSwift.framework in Frameworks */,
				CF2587271CD109130084AF7A /* RxCocoa.framework in Frameworks */,
				CF9DC77A1CD3B94A001D8051 /* SSKeychain.framework in Frameworks */,
				CF2587251CD108F60084AF7A /* Alamofire.framework in Frameworks */,
				CF2587291CD109190084AF7A /* RxSwift.framework in Frameworks */,
				CFD32E9D1CDDC23C0084AE30 /* AlamofireImage.framework in Frameworks */,
			);
			runOnlyForDeploymentPostprocessing = 0;
		};
/* End PBXFrameworksBuildPhase section */

/* Begin PBXGroup section */
		CF583B2D1CD0FD9B00913453 = {
			isa = PBXGroup;
			children = (
				CFD32E9C1CDDC23C0084AE30 /* AlamofireImage.framework */,
				CF255FB11CD762BD0092927C /* RealmSwift.framework */,
				CF255FAF1CD762B60092927C /* Realm.framework */,
				CF9DC7791CD3B94A001D8051 /* SSKeychain.framework */,
				CF25872A1CD109220084AF7A /* SwiftyJSON.framework */,
				CF2587281CD109190084AF7A /* RxSwift.framework */,
				CF2587261CD109130084AF7A /* RxCocoa.framework */,
				CF2587241CD108F60084AF7A /* Alamofire.framework */,
				CF583B381CD0FD9B00913453 /* Qubad */,
				CF583B371CD0FD9B00913453 /* Products */,
			);
			sourceTree = "<group>";
		};
		CF583B371CD0FD9B00913453 /* Products */ = {
			isa = PBXGroup;
			children = (
				CF583B361CD0FD9B00913453 /* Qubad.app */,
			);
			name = Products;
			sourceTree = "<group>";
		};
		CF583B381CD0FD9B00913453 /* Qubad */ = {
			isa = PBXGroup;
			children = (
				CF583B391CD0FD9B00913453 /* AppDelegate.swift */,
				CFB0BD4B1CE0AB5B00897E5E /* SettingsView.swift */,
				CFB0BD4D1CE0AB6C00897E5E /* SettingsView.xib */,
				CF5104061CE01D09004359A8 /* ProfileViewController.swift */,
				CF5104071CE01D09004359A8 /* ProfileViewController.xib */,
				CF51040A1CE06C8D004359A8 /* WebViewController.swift */,
				CF51040B1CE06C8D004359A8 /* WebViewController.xib */,
				CF255FB31CD77B420092927C /* UserInfo.swift */,
				CF583B3B1CD0FD9B00913453 /* LoginViewController.swift */,
				CF583B3D1CD0FD9B00913453 /* Main.storyboard */,
				CF583B401CD0FD9B00913453 /* Assets.xcassets */,
				CF583B421CD0FD9B00913453 /* LaunchScreen.storyboard */,
				CF583B451CD0FD9B00913453 /* Info.plist */,
			);
			path = Qubad;
			sourceTree = "<group>";
		};
/* End PBXGroup section */

/* Begin PBXNativeTarget section */
		CF583B351CD0FD9B00913453 /* Qubad */ = {
			isa = PBXNativeTarget;
			buildConfigurationList = CF583B481CD0FD9B00913453 /* Build configuration list for PBXNativeTarget "Qubad" */;
			buildPhases = (
				CF583B321CD0FD9B00913453 /* Sources */,
				CF583B331CD0FD9B00913453 /* Frameworks */,
				CF583B341CD0FD9B00913453 /* Resources */,
				CF2587201CD105320084AF7A /* ShellScript */,
				CF731B3B1CDEC51B00702F0A /* Embed Frameworks */,
			);
			buildRules = (
			);
			dependencies = (
			);
			name = Qubad;
			productName = Qubad;
			productReference = CF583B361CD0FD9B00913453 /* Qubad.app */;
			productType = "com.apple.product-type.application";
		};
/* End PBXNativeTarget section */

/* Begin PBXProject section */
		CF583B2E1CD0FD9B00913453 /* Project object */ = {
			isa = PBXProject;
			attributes = {
				LastSwiftUpdateCheck = 0730;
				LastUpgradeCheck = 0730;
				ORGANIZATIONNAME = koba;
				TargetAttributes = {
					CF583B351CD0FD9B00913453 = {
						CreatedOnToolsVersion = 7.3;
					};
				};
			};
			buildConfigurationList = CF583B311CD0FD9B00913453 /* Build configuration list for PBXProject "Qubad" */;
			compatibilityVersion = "Xcode 3.2";
			developmentRegion = English;
			hasScannedForEncodings = 0;
			knownRegions = (
				en,
				Base,
			);
			mainGroup = CF583B2D1CD0FD9B00913453;
			productRefGroup = CF583B371CD0FD9B00913453 /* Products */;
			projectDirPath = "";
			projectRoot = "";
			targets = (
				CF583B351CD0FD9B00913453 /* Qubad */,
			);
		};
/* End PBXProject section */

/* Begin PBXResourcesBuildPhase section */
		CF583B341CD0FD9B00913453 /* Resources */ = {
			isa = PBXResourcesBuildPhase;
			buildActionMask = 2147483647;
			files = (
				CF583B441CD0FD9B00913453 /* LaunchScreen.storyboard in Resources */,
				CF583B411CD0FD9B00913453 /* Assets.xcassets in Resources */,
				CF51040D1CE06C8D004359A8 /* WebViewController.xib in Resources */,
				CFB0BD4E1CE0AB6C00897E5E /* SettingsView.xib in Resources */,
				CF5104091CE01D09004359A8 /* ProfileViewController.xib in Resources */,
				CF583B3F1CD0FD9B00913453 /* Main.storyboard in Resources */,
			);
			runOnlyForDeploymentPostprocessing = 0;
		};
/* End PBXResourcesBuildPhase section */

/* Begin PBXShellScriptBuildPhase section */
		CF2587201CD105320084AF7A /* ShellScript */ = {
			isa = PBXShellScriptBuildPhase;
			buildActionMask = 2147483647;
			files = (
			);
			inputPaths = (
				"$(SRCROOT)/Carthage/Build/iOS/Alamofire.framework",
				"$(SRCROOT)/Carthage/Build/iOS/RxCocoa.framework",
				"$(SRCROOT)/Carthage/Build/iOS/RxSwift.framework",
				"$(SRCROOT)/Carthage/Build/iOS/SwiftyJSON.framework",
				"$(SRCROOT)/Carthage/Build/iOS/SSKeychain.framework",
				"$(SRCROOT)/Carthage/Build/iOS/Realm.framework",
				"$(SRCROOT)/Carthage/Build/iOS/RealmSwift.framework",
				"$(SRCROOT)/Carthage/Build/iOS/AlamofireImage.framework",
			);
			outputPaths = (
			);
			runOnlyForDeploymentPostprocessing = 0;
			shellPath = /bin/sh;
			shellScript = "/usr/local/bin/carthage copy-frameworks";
		};
/* End PBXShellScriptBuildPhase section */

/* Begin PBXSourcesBuildPhase section */
		CF583B321CD0FD9B00913453 /* Sources */ = {
			isa = PBXSourcesBuildPhase;
			buildActionMask = 2147483647;
			files = (
				CF51040C1CE06C8D004359A8 /* WebViewController.swift in Sources */,
				CF5104081CE01D09004359A8 /* ProfileViewController.swift in Sources */,
				CF583B3C1CD0FD9B00913453 /* LoginViewController.swift in Sources */,
				CFB0BD4C1CE0AB5B00897E5E /* SettingsView.swift in Sources */,
				CF255FB41CD77B420092927C /* UserInfo.swift in Sources */,
				CF583B3A1CD0FD9B00913453 /* AppDelegate.swift in Sources */,
			);
			runOnlyForDeploymentPostprocessing = 0;
		};
/* End PBXSourcesBuildPhase section */

/* Begin PBXVariantGroup section */
		CF583B3D1CD0FD9B00913453 /* Main.storyboard */ = {
			isa = PBXVariantGroup;
			children = (
				CF583B3E1CD0FD9B00913453 /* Base */,
			);
			name = Main.storyboard;
			sourceTree = "<group>";
		};
		CF583B421CD0FD9B00913453 /* LaunchScreen.storyboard */ = {
			isa = PBXVariantGroup;
			children = (
				CF583B431CD0FD9B00913453 /* Base */,
			);
			name = LaunchScreen.storyboard;
			sourceTree = "<group>";
		};
/* End PBXVariantGroup section */

/* Begin XCBuildConfiguration section */
		CF583B461CD0FD9B00913453 /* Debug */ = {
			isa = XCBuildConfiguration;
			buildSettings = {
				ALWAYS_SEARCH_USER_PATHS = NO;
				CLANG_ANALYZER_NONNULL = YES;
				CLANG_CXX_LANGUAGE_STANDARD = "gnu++0x";
				CLANG_CXX_LIBRARY = "libc++";
				CLANG_ENABLE_MODULES = YES;
				CLANG_ENABLE_OBJC_ARC = YES;
				CLANG_WARN_BOOL_CONVERSION = YES;
				CLANG_WARN_CONSTANT_CONVERSION = YES;
				CLANG_WARN_DIRECT_OBJC_ISA_USAGE = YES_ERROR;
				CLANG_WARN_EMPTY_BODY = YES;
				CLANG_WARN_ENUM_CONVERSION = YES;
				CLANG_WARN_INT_CONVERSION = YES;
				CLANG_WARN_OBJC_ROOT_CLASS = YES_ERROR;
				CLANG_WARN_UNREACHABLE_CODE = YES;
				CLANG_WARN__DUPLICATE_METHOD_MATCH = YES;
				"CODE_SIGN_IDENTITY[sdk=iphoneos*]" = "iPhone Developer";
				COPY_PHASE_STRIP = NO;
				DEBUG_INFORMATION_FORMAT = dwarf;
				ENABLE_STRICT_OBJC_MSGSEND = YES;
				ENABLE_TESTABILITY = YES;
				GCC_C_LANGUAGE_STANDARD = gnu99;
				GCC_DYNAMIC_NO_PIC = NO;
				GCC_NO_COMMON_BLOCKS = YES;
				GCC_OPTIMIZATION_LEVEL = 0;
				GCC_PREPROCESSOR_DEFINITIONS = (
					"DEBUG=1",
					"$(inherited)",
				);
				GCC_WARN_64_TO_32_BIT_CONVERSION = YES;
				GCC_WARN_ABOUT_RETURN_TYPE = YES_ERROR;
				GCC_WARN_UNDECLARED_SELECTOR = YES;
				GCC_WARN_UNINITIALIZED_AUTOS = YES_AGGRESSIVE;
				GCC_WARN_UNUSED_FUNCTION = YES;
				GCC_WARN_UNUSED_VARIABLE = YES;
				IPHONEOS_DEPLOYMENT_TARGET = 9.3;
				MTL_ENABLE_DEBUG_INFO = YES;
				ONLY_ACTIVE_ARCH = YES;
				SDKROOT = iphoneos;
				SWIFT_OPTIMIZATION_LEVEL = "-Onone";
			};
			name = Debug;
		};
		CF583B471CD0FD9B00913453 /* Release */ = {
			isa = XCBuildConfiguration;
			buildSettings = {
				ALWAYS_SEARCH_USER_PATHS = NO;
				CLANG_ANALYZER_NONNULL = YES;
				CLANG_CXX_LANGUAGE_STANDARD = "gnu++0x";
				CLANG_CXX_LIBRARY = "libc++";
				CLANG_ENABLE_MODULES = YES;
				CLANG_ENABLE_OBJC_ARC = YES;
				CLANG_WARN_BOOL_CONVERSION = YES;
				CLANG_WARN_CONSTANT_CONVERSION = YES;
				CLANG_WARN_DIRECT_OBJC_ISA_USAGE = YES_ERROR;
				CLANG_WARN_EMPTY_BODY = YES;
				CLANG_WARN_ENUM_CONVERSION = YES;
				CLANG_WARN_INT_CONVERSION = YES;
				CLANG_WARN_OBJC_ROOT_CLASS = YES_ERROR;
				CLANG_WARN_UNREACHABLE_CODE = YES;
				CLANG_WARN__DUPLICATE_METHOD_MATCH = YES;
				"CODE_SIGN_IDENTITY[sdk=iphoneos*]" = "iPhone Developer";
				COPY_PHASE_STRIP = NO;
				DEBUG_INFORMATION_FORMAT = "dwarf-with-dsym";
				ENABLE_NS_ASSERTIONS = NO;
				ENABLE_STRICT_OBJC_MSGSEND = YES;
				GCC_C_LANGUAGE_STANDARD = gnu99;
				GCC_NO_COMMON_BLOCKS = YES;
				GCC_WARN_64_TO_32_BIT_CONVERSION = YES;
				GCC_WARN_ABOUT_RETURN_TYPE = YES_ERROR;
				GCC_WARN_UNDECLARED_SELECTOR = YES;
				GCC_WARN_UNINITIALIZED_AUTOS = YES_AGGRESSIVE;
				GCC_WARN_UNUSED_FUNCTION = YES;
				GCC_WARN_UNUSED_VARIABLE = YES;
				IPHONEOS_DEPLOYMENT_TARGET = 9.3;
				MTL_ENABLE_DEBUG_INFO = NO;
				SDKROOT = iphoneos;
				VALIDATE_PRODUCT = YES;
			};
			name = Release;
		};
		CF583B491CD0FD9B00913453 /* Debug */ = {
			isa = XCBuildConfiguration;
			buildSettings = {
				ASSETCATALOG_COMPILER_APPICON_NAME = AppIcon;
				ENABLE_BITCODE = NO;
				FRAMEWORK_SEARCH_PATHS = (
					"$(inherited)",
					"$(PROJECT_DIR)/Carthage/Build/iOS",
					"$(PROJECT_DIR)/Qubad",
				);
				INFOPLIST_FILE = Qubad/Info.plist;
				INSTALL_PATH = "@rpath";
				LD_RUNPATH_SEARCH_PATHS = "$(inherited) @loader_path/../Frameworks @executable_path/Frameworks";
				ONLY_ACTIVE_ARCH = YES;
				PRODUCT_BUNDLE_IDENTIFIER = koba.Qubad;
				PRODUCT_NAME = "$(TARGET_NAME)";
			};
			name = Debug;
		};
		CF583B4A1CD0FD9B00913453 /* Release */ = {
			isa = XCBuildConfiguration;
			buildSettings = {
				ASSETCATALOG_COMPILER_APPICON_NAME = AppIcon;
				ENABLE_BITCODE = NO;
				FRAMEWORK_SEARCH_PATHS = (
					"$(inherited)",
					"$(PROJECT_DIR)/Carthage/Build/iOS",
					"$(PROJECT_DIR)/Qubad",
				);
				INFOPLIST_FILE = Qubad/Info.plist;
				INSTALL_PATH = "@rpath";
				LD_RUNPATH_SEARCH_PATHS = "$(inherited) @loader_path/../Frameworks @executable_path/Frameworks";
				ONLY_ACTIVE_ARCH = YES;
				PRODUCT_BUNDLE_IDENTIFIER = koba.Qubad;
				PRODUCT_NAME = "$(TARGET_NAME)";
			};
			name = Release;
		};
/* End XCBuildConfiguration section */

/* Begin XCConfigurationList section */
		CF583B311CD0FD9B00913453 /* Build configuration list for PBXProject "Qubad" */ = {
			isa = XCConfigurationList;
			buildConfigurations = (
				CF583B461CD0FD9B00913453 /* Debug */,
				CF583B471CD0FD9B00913453 /* Release */,
			);
			defaultConfigurationIsVisible = 0;
			defaultConfigurationName = Release;
		};
		CF583B481CD0FD9B00913453 /* Build configuration list for PBXNativeTarget "Qubad" */ = {
			isa = XCConfigurationList;
			buildConfigurations = (
				CF583B491CD0FD9B00913453 /* Debug */,
				CF583B4A1CD0FD9B00913453 /* Release */,
			);
			defaultConfigurationIsVisible = 0;
			defaultConfigurationName = Release;
		};
/* End XCConfigurationList section */
	};
	rootObject = CF583B2E1CD0FD9B00913453 /* Project object */;
}
